// !$*UTF8*$!
{
	archiveVersion = 1;
	classes = {
	};
	objectVersion = 60;
	objects = {

/* Begin PBXBuildFile section */
		8419AA002C95887100924135 /* MyWeatherApp.swift in Sources */ = {isa = PBXBuildFile; fileRef = 8419A9FF2C95887100924135 /* MyWeatherApp.swift */; };
		8419AA022C95887100924135 /* ContentView.swift in Sources */ = {isa = PBXBuildFile; fileRef = 8419AA012C95887100924135 /* ContentView.swift */; };
		8419AA042C95887200924135 /* Assets.xcassets in Resources */ = {isa = PBXBuildFile; fileRef = 8419AA032C95887200924135 /* Assets.xcassets */; };
		8419AA072C95887200924135 /* Preview Assets.xcassets in Resources */ = {isa = PBXBuildFile; fileRef = 8419AA062C95887200924135 /* Preview Assets.xcassets */; };
		8419AA112C95887300924135 /* MyWeatherTests.swift in Sources */ = {isa = PBXBuildFile; fileRef = 8419AA102C95887300924135 /* MyWeatherTests.swift */; };
		8419AA1B2C95887300924135 /* MyWeatherUITests.swift in Sources */ = {isa = PBXBuildFile; fileRef = 8419AA1A2C95887300924135 /* MyWeatherUITests.swift */; };
		8419AA1D2C95887300924135 /* MyWeatherUITestsLaunchTests.swift in Sources */ = {isa = PBXBuildFile; fileRef = 8419AA1C2C95887300924135 /* MyWeatherUITestsLaunchTests.swift */; };
		8475D17D2C96F5E400292270 /* LocationManger.swift in Sources */ = {isa = PBXBuildFile; fileRef = 8475D17C2C96F5CB00292270 /* LocationManger.swift */; };
		8475D1802C96F90E00292270 /* WelcomeView.swift in Sources */ = {isa = PBXBuildFile; fileRef = 8475D17F2C96F90E00292270 /* WelcomeView.swift */; };
		8475D1822C97014C00292270 /* LoadingView.swift in Sources */ = {isa = PBXBuildFile; fileRef = 8475D1812C97014C00292270 /* LoadingView.swift */; };
		8475D1842C9703A300292270 /* WeatherManager.swift in Sources */ = {isa = PBXBuildFile; fileRef = 8475D1832C9703A300292270 /* WeatherManager.swift */; };
		8475D1882C970C2700292270 /* WeatherView.swift in Sources */ = {isa = PBXBuildFile; fileRef = 8475D1872C970C2700292270 /* WeatherView.swift */; };
		8475D18A2C970CBE00292270 /* ModelData.swift in Sources */ = {isa = PBXBuildFile; fileRef = 8475D1892C970CBE00292270 /* ModelData.swift */; };
		8475D18C2C970D9D00292270 /* weatherData.json in Resources */ = {isa = PBXBuildFile; fileRef = 8475D18B2C970D9D00292270 /* weatherData.json */; };
		8475D18E2C970FAA00292270 /* Extensions.swift in Sources */ = {isa = PBXBuildFile; fileRef = 8475D18D2C970FAA00292270 /* Extensions.swift */; };
		8475D1912C97150D00292270 /* WeatherRow.swift in Sources */ = {isa = PBXBuildFile; fileRef = 8475D1902C9714F900292270 /* WeatherRow.swift */; };
		847811062C97B8A2009C4304 /* LaunchView.swift in Sources */ = {isa = PBXBuildFile; fileRef = 847811052C97B8A2009C4304 /* LaunchView.swift */; };
		84F35AA72C9EE76C00F15A38 /* forecastData.json in Resources */ = {isa = PBXBuildFile; fileRef = 84F35AA62C9EE76200F15A38 /* forecastData.json */; };
/* End PBXBuildFile section */

/* Begin PBXContainerItemProxy section */
		8419AA0D2C95887300924135 /* PBXContainerItemProxy */ = {
			isa = PBXContainerItemProxy;
			containerPortal = 8419A9F42C95887100924135 /* Project object */;
			proxyType = 1;
			remoteGlobalIDString = 8419A9FB2C95887100924135;
			remoteInfo = MyWeather;
		};
		8419AA172C95887300924135 /* PBXContainerItemProxy */ = {
			isa = PBXContainerItemProxy;
			containerPortal = 8419A9F42C95887100924135 /* Project object */;
			proxyType = 1;
			remoteGlobalIDString = 8419A9FB2C95887100924135;
			remoteInfo = MyWeather;
		};
/* End PBXContainerItemProxy section */

/* Begin PBXFileReference section */
		8419A9FC2C95887100924135 /* MyWeather.app */ = {isa = PBXFileReference; explicitFileType = wrapper.application; includeInIndex = 0; path = MyWeather.app; sourceTree = BUILT_PRODUCTS_DIR; };
		8419A9FF2C95887100924135 /* MyWeatherApp.swift */ = {isa = PBXFileReference; lastKnownFileType = sourcecode.swift; path = MyWeatherApp.swift; sourceTree = "<group>"; };
		8419AA012C95887100924135 /* ContentView.swift */ = {isa = PBXFileReference; lastKnownFileType = sourcecode.swift; path = ContentView.swift; sourceTree = "<group>"; };
		8419AA032C95887200924135 /* Assets.xcassets */ = {isa = PBXFileReference; lastKnownFileType = folder.assetcatalog; path = Assets.xcassets; sourceTree = "<group>"; };
		8419AA062C95887200924135 /* Preview Assets.xcassets */ = {isa = PBXFileReference; lastKnownFileType = folder.assetcatalog; path = "Preview Assets.xcassets"; sourceTree = "<group>"; };
		8419AA0C2C95887300924135 /* MyWeatherTests.xctest */ = {isa = PBXFileReference; explicitFileType = wrapper.cfbundle; includeInIndex = 0; path = MyWeatherTests.xctest; sourceTree = BUILT_PRODUCTS_DIR; };
		8419AA102C95887300924135 /* MyWeatherTests.swift */ = {isa = PBXFileReference; lastKnownFileType = sourcecode.swift; path = MyWeatherTests.swift; sourceTree = "<group>"; };
		8419AA162C95887300924135 /* MyWeatherUITests.xctest */ = {isa = PBXFileReference; explicitFileType = wrapper.cfbundle; includeInIndex = 0; path = MyWeatherUITests.xctest; sourceTree = BUILT_PRODUCTS_DIR; };
		8419AA1A2C95887300924135 /* MyWeatherUITests.swift */ = {isa = PBXFileReference; lastKnownFileType = sourcecode.swift; path = MyWeatherUITests.swift; sourceTree = "<group>"; };
		8419AA1C2C95887300924135 /* MyWeatherUITestsLaunchTests.swift */ = {isa = PBXFileReference; lastKnownFileType = sourcecode.swift; path = MyWeatherUITestsLaunchTests.swift; sourceTree = "<group>"; };
		8475D17C2C96F5CB00292270 /* LocationManger.swift */ = {isa = PBXFileReference; lastKnownFileType = sourcecode.swift; path = LocationManger.swift; sourceTree = "<group>"; };
		8475D17F2C96F90E00292270 /* WelcomeView.swift */ = {isa = PBXFileReference; lastKnownFileType = sourcecode.swift; path = WelcomeView.swift; sourceTree = "<group>"; };
		8475D1812C97014C00292270 /* LoadingView.swift */ = {isa = PBXFileReference; lastKnownFileType = sourcecode.swift; path = LoadingView.swift; sourceTree = "<group>"; };
		8475D1832C9703A300292270 /* WeatherManager.swift */ = {isa = PBXFileReference; lastKnownFileType = sourcecode.swift; path = WeatherManager.swift; sourceTree = "<group>"; };
		8475D1872C970C2700292270 /* WeatherView.swift */ = {isa = PBXFileReference; lastKnownFileType = sourcecode.swift; path = WeatherView.swift; sourceTree = "<group>"; };
		8475D1892C970CBE00292270 /* ModelData.swift */ = {isa = PBXFileReference; lastKnownFileType = sourcecode.swift; path = ModelData.swift; sourceTree = "<group>"; };
		8475D18B2C970D9D00292270 /* weatherData.json */ = {isa = PBXFileReference; lastKnownFileType = text.json; path = weatherData.json; sourceTree = "<group>"; };
		8475D18D2C970FAA00292270 /* Extensions.swift */ = {isa = PBXFileReference; lastKnownFileType = sourcecode.swift; path = Extensions.swift; sourceTree = "<group>"; };
		8475D1902C9714F900292270 /* WeatherRow.swift */ = {isa = PBXFileReference; lastKnownFileType = sourcecode.swift; path = WeatherRow.swift; sourceTree = "<group>"; };
		847811052C97B8A2009C4304 /* LaunchView.swift */ = {isa = PBXFileReference; lastKnownFileType = sourcecode.swift; path = LaunchView.swift; sourceTree = "<group>"; };
		84F35AA62C9EE76200F15A38 /* forecastData.json */ = {isa = PBXFileReference; lastKnownFileType = text.json; path = forecastData.json; sourceTree = "<group>"; };
/* End PBXFileReference section */

/* Begin PBXFrameworksBuildPhase section */
		8419A9F92C95887100924135 /* Frameworks */ = {
			isa = PBXFrameworksBuildPhase;
			buildActionMask = 2147483647;
			files = (
			);
			runOnlyForDeploymentPostprocessing = 0;
		};
		8419AA092C95887300924135 /* Frameworks */ = {
			isa = PBXFrameworksBuildPhase;
			buildActionMask = 2147483647;
			files = (
			);
			runOnlyForDeploymentPostprocessing = 0;
		};
		8419AA132C95887300924135 /* Frameworks */ = {
			isa = PBXFrameworksBuildPhase;
			buildActionMask = 2147483647;
			files = (
			);
			runOnlyForDeploymentPostprocessing = 0;
		};
/* End PBXFrameworksBuildPhase section */

/* Begin PBXGroup section */
		8419A9F32C95887100924135 = {
			isa = PBXGroup;
			children = (
				8419A9FE2C95887100924135 /* MyWeather */,
				8419AA0F2C95887300924135 /* MyWeatherTests */,
				8419AA192C95887300924135 /* MyWeatherUITests */,
				8419A9FD2C95887100924135 /* Products */,
			);
			sourceTree = "<group>";
		};
		8419A9FD2C95887100924135 /* Products */ = {
			isa = PBXGroup;
			children = (
				8419A9FC2C95887100924135 /* MyWeather.app */,
				8419AA0C2C95887300924135 /* MyWeatherTests.xctest */,
				8419AA162C95887300924135 /* MyWeatherUITests.xctest */,
			);
			name = Products;
			sourceTree = "<group>";
		};
		8419A9FE2C95887100924135 /* MyWeather */ = {
			isa = PBXGroup;
			children = (
				8475D18F2C9714D600292270 /* Components */,
				8475D17E2C96F86700292270 /* Views */,
				8419A9FF2C95887100924135 /* MyWeatherApp.swift */,
				8475D17B2C96F5A200292270 /* Managers */,
				8419AA032C95887200924135 /* Assets.xcassets */,
				8419AA052C95887200924135 /* Preview Content */,
				8475D18D2C970FAA00292270 /* Extensions.swift */,
			);
			path = MyWeather;
			sourceTree = "<group>";
		};
		8419AA052C95887200924135 /* Preview Content */ = {
			isa = PBXGroup;
			children = (
				84F35AA62C9EE76200F15A38 /* forecastData.json */,
				8419AA062C95887200924135 /* Preview Assets.xcassets */,
				8475D1892C970CBE00292270 /* ModelData.swift */,
				8475D18B2C970D9D00292270 /* weatherData.json */,
			);
			path = "Preview Content";
			sourceTree = "<group>";
		};
		8419AA0F2C95887300924135 /* MyWeatherTests */ = {
			isa = PBXGroup;
			children = (
				8419AA102C95887300924135 /* MyWeatherTests.swift */,
			);
			path = MyWeatherTests;
			sourceTree = "<group>";
		};
		8419AA192C95887300924135 /* MyWeatherUITests */ = {
			isa = PBXGroup;
			children = (
				8419AA1A2C95887300924135 /* MyWeatherUITests.swift */,
				8419AA1C2C95887300924135 /* MyWeatherUITestsLaunchTests.swift */,
			);
			path = MyWeatherUITests;
			sourceTree = "<group>";
		};
		8475D17B2C96F5A200292270 /* Managers */ = {
			isa = PBXGroup;
			children = (
				8475D17C2C96F5CB00292270 /* LocationManger.swift */,
				8475D1832C9703A300292270 /* WeatherManager.swift */,
			);
			path = Managers;
			sourceTree = "<group>";
		};
		8475D17E2C96F86700292270 /* Views */ = {
			isa = PBXGroup;
			children = (
				8419AA012C95887100924135 /* ContentView.swift */,
				8475D17F2C96F90E00292270 /* WelcomeView.swift */,
				8475D1812C97014C00292270 /* LoadingView.swift */,
				8475D1872C970C2700292270 /* WeatherView.swift */,
				847811052C97B8A2009C4304 /* LaunchView.swift */,
			);
			path = Views;
			sourceTree = "<group>";
		};
		8475D18F2C9714D600292270 /* Components */ = {
			isa = PBXGroup;
			children = (
				8475D1902C9714F900292270 /* WeatherRow.swift */,
			);
			path = Components;
			sourceTree = "<group>";
		};
/* End PBXGroup section */

/* Begin PBXNativeTarget section */
		8419A9FB2C95887100924135 /* MyWeather */ = {
			isa = PBXNativeTarget;
			buildConfigurationList = 8419AA202C95887300924135 /* Build configuration list for PBXNativeTarget "MyWeather" */;
			buildPhases = (
				8419A9F82C95887100924135 /* Sources */,
				8419A9F92C95887100924135 /* Frameworks */,
				8419A9FA2C95887100924135 /* Resources */,
			);
			buildRules = (
			);
			dependencies = (
			);
			name = MyWeather;
			productName = MyWeather;
			productReference = 8419A9FC2C95887100924135 /* MyWeather.app */;
			productType = "com.apple.product-type.application";
		};
		8419AA0B2C95887300924135 /* MyWeatherTests */ = {
			isa = PBXNativeTarget;
			buildConfigurationList = 8419AA232C95887300924135 /* Build configuration list for PBXNativeTarget "MyWeatherTests" */;
			buildPhases = (
				8419AA082C95887300924135 /* Sources */,
				8419AA092C95887300924135 /* Frameworks */,
				8419AA0A2C95887300924135 /* Resources */,
			);
			buildRules = (
			);
			dependencies = (
				8419AA0E2C95887300924135 /* PBXTargetDependency */,
			);
			name = MyWeatherTests;
			productName = MyWeatherTests;
			productReference = 8419AA0C2C95887300924135 /* MyWeatherTests.xctest */;
			productType = "com.apple.product-type.bundle.unit-test";
		};
		8419AA152C95887300924135 /* MyWeatherUITests */ = {
			isa = PBXNativeTarget;
			buildConfigurationList = 8419AA262C95887300924135 /* Build configuration list for PBXNativeTarget "MyWeatherUITests" */;
			buildPhases = (
				8419AA122C95887300924135 /* Sources */,
				8419AA132C95887300924135 /* Frameworks */,
				8419AA142C95887300924135 /* Resources */,
			);
			buildRules = (
			);
			dependencies = (
				8419AA182C95887300924135 /* PBXTargetDependency */,
			);
			name = MyWeatherUITests;
			productName = MyWeatherUITests;
			productReference = 8419AA162C95887300924135 /* MyWeatherUITests.xctest */;
			productType = "com.apple.product-type.bundle.ui-testing";
		};
/* End PBXNativeTarget section */

/* Begin PBXProject section */
		8419A9F42C95887100924135 /* Project object */ = {
			isa = PBXProject;
			attributes = {
				BuildIndependentTargetsInParallel = 1;
				LastSwiftUpdateCheck = 1600;
				LastUpgradeCheck = 1600;
				TargetAttributes = {
					8419A9FB2C95887100924135 = {
						CreatedOnToolsVersion = 16.0;
					};
					8419AA0B2C95887300924135 = {
						CreatedOnToolsVersion = 16.0;
						TestTargetID = 8419A9FB2C95887100924135;
					};
					8419AA152C95887300924135 = {
						CreatedOnToolsVersion = 16.0;
						TestTargetID = 8419A9FB2C95887100924135;
					};
				};
			};
			buildConfigurationList = 8419A9F72C95887100924135 /* Build configuration list for PBXProject "MyWeather" */;
			compatibilityVersion = "Xcode 15.0";
			developmentRegion = en;
			hasScannedForEncodings = 0;
			knownRegions = (
				en,
				Base,
			);
			mainGroup = 8419A9F32C95887100924135;
			productRefGroup = 8419A9FD2C95887100924135 /* Products */;
			projectDirPath = "";
			projectRoot = "";
			targets = (
				8419A9FB2C95887100924135 /* MyWeather */,
				8419AA0B2C95887300924135 /* MyWeatherTests */,
				8419AA152C95887300924135 /* MyWeatherUITests */,
			);
		};
/* End PBXProject section */

/* Begin PBXResourcesBuildPhase section */
		8419A9FA2C95887100924135 /* Resources */ = {
			isa = PBXResourcesBuildPhase;
			buildActionMask = 2147483647;
			files = (
				84F35AA72C9EE76C00F15A38 /* forecastData.json in Resources */,
				8419AA072C95887200924135 /* Preview Assets.xcassets in Resources */,
				8475D18C2C970D9D00292270 /* weatherData.json in Resources */,
				8419AA042C95887200924135 /* Assets.xcassets in Resources */,
			);
			runOnlyForDeploymentPostprocessing = 0;
		};
		8419AA0A2C95887300924135 /* Resources */ = {
			isa = PBXResourcesBuildPhase;
			buildActionMask = 2147483647;
			files = (
			);
			runOnlyForDeploymentPostprocessing = 0;
		};
		8419AA142C95887300924135 /* Resources */ = {
			isa = PBXResourcesBuildPhase;
			buildActionMask = 2147483647;
			files = (
			);
			runOnlyForDeploymentPostprocessing = 0;
		};
/* End PBXResourcesBuildPhase section */

/* Begin PBXSourcesBuildPhase section */
		8419A9F82C95887100924135 /* Sources */ = {
			isa = PBXSourcesBuildPhase;
			buildActionMask = 2147483647;
			files = (
				8475D1842C9703A300292270 /* WeatherManager.swift in Sources */,
				847811062C97B8A2009C4304 /* LaunchView.swift in Sources */,
				8475D18E2C970FAA00292270 /* Extensions.swift in Sources */,
				8419AA022C95887100924135 /* ContentView.swift in Sources */,
				8475D17D2C96F5E400292270 /* LocationManger.swift in Sources */,
				8419AA002C95887100924135 /* MyWeatherApp.swift in Sources */,
				8475D1912C97150D00292270 /* WeatherRow.swift in Sources */,
				8475D1822C97014C00292270 /* LoadingView.swift in Sources */,
				8475D18A2C970CBE00292270 /* ModelData.swift in Sources */,
				8475D1882C970C2700292270 /* WeatherView.swift in Sources */,
				8475D1802C96F90E00292270 /* WelcomeView.swift in Sources */,
			);
			runOnlyForDeploymentPostprocessing = 0;
		};
		8419AA082C95887300924135 /* Sources */ = {
			isa = PBXSourcesBuildPhase;
			buildActionMask = 2147483647;
			files = (
				8419AA112C95887300924135 /* MyWeatherTests.swift in Sources */,
			);
			runOnlyForDeploymentPostprocessing = 0;
		};
		8419AA122C95887300924135 /* Sources */ = {
			isa = PBXSourcesBuildPhase;
			buildActionMask = 2147483647;
			files = (
				8419AA1B2C95887300924135 /* MyWeatherUITests.swift in Sources */,
				8419AA1D2C95887300924135 /* MyWeatherUITestsLaunchTests.swift in Sources */,
			);
			runOnlyForDeploymentPostprocessing = 0;
		};
/* End PBXSourcesBuildPhase section */

/* Begin PBXTargetDependency section */
		8419AA0E2C95887300924135 /* PBXTargetDependency */ = {
			isa = PBXTargetDependency;
			target = 8419A9FB2C95887100924135 /* MyWeather */;
			targetProxy = 8419AA0D2C95887300924135 /* PBXContainerItemProxy */;
		};
		8419AA182C95887300924135 /* PBXTargetDependency */ = {
			isa = PBXTargetDependency;
			target = 8419A9FB2C95887100924135 /* MyWeather */;
			targetProxy = 8419AA172C95887300924135 /* PBXContainerItemProxy */;
		};
/* End PBXTargetDependency section */

/* Begin XCBuildConfiguration section */
		8419AA1E2C95887300924135 /* Debug */ = {
			isa = XCBuildConfiguration;
			buildSettings = {
				ALWAYS_SEARCH_USER_PATHS = NO;
				ASSETCATALOG_COMPILER_GENERATE_SWIFT_ASSET_SYMBOL_EXTENSIONS = YES;
				CLANG_ANALYZER_NONNULL = YES;
				CLANG_ANALYZER_NUMBER_OBJECT_CONVERSION = YES_AGGRESSIVE;
				CLANG_CXX_LANGUAGE_STANDARD = "gnu++20";
				CLANG_ENABLE_MODULES = YES;
				CLANG_ENABLE_OBJC_ARC = YES;
				CLANG_ENABLE_OBJC_WEAK = YES;
				CLANG_WARN_BLOCK_CAPTURE_AUTORELEASING = YES;
				CLANG_WARN_BOOL_CONVERSION = YES;
				CLANG_WARN_COMMA = YES;
				CLANG_WARN_CONSTANT_CONVERSION = YES;
				CLANG_WARN_DEPRECATED_OBJC_IMPLEMENTATIONS = YES;
				CLANG_WARN_DIRECT_OBJC_ISA_USAGE = YES_ERROR;
				CLANG_WARN_DOCUMENTATION_COMMENTS = YES;
				CLANG_WARN_EMPTY_BODY = YES;
				CLANG_WARN_ENUM_CONVERSION = YES;
				CLANG_WARN_INFINITE_RECURSION = YES;
				CLANG_WARN_INT_CONVERSION = YES;
				CLANG_WARN_NON_LITERAL_NULL_CONVERSION = YES;
				CLANG_WARN_OBJC_IMPLICIT_RETAIN_SELF = YES;
				CLANG_WARN_OBJC_LITERAL_CONVERSION = YES;
				CLANG_WARN_OBJC_ROOT_CLASS = YES_ERROR;
				CLANG_WARN_QUOTED_INCLUDE_IN_FRAMEWORK_HEADER = YES;
				CLANG_WARN_RANGE_LOOP_ANALYSIS = YES;
				CLANG_WARN_STRICT_PROTOTYPES = YES;
				CLANG_WARN_SUSPICIOUS_MOVE = YES;
				CLANG_WARN_UNGUARDED_AVAILABILITY = YES_AGGRESSIVE;
				CLANG_WARN_UNREACHABLE_CODE = YES;
				CLANG_WARN__DUPLICATE_METHOD_MATCH = YES;
				COPY_PHASE_STRIP = NO;
				DEBUG_INFORMATION_FORMAT = dwarf;
				ENABLE_STRICT_OBJC_MSGSEND = YES;
				ENABLE_TESTABILITY = YES;
				ENABLE_USER_SCRIPT_SANDBOXING = YES;
				GCC_C_LANGUAGE_STANDARD = gnu17;
				GCC_DYNAMIC_NO_PIC = NO;
				GCC_NO_COMMON_BLOCKS = YES;
				GCC_OPTIMIZATION_LEVEL = 0;
				GCC_PREPROCESSOR_DEFINITIONS = (
					"DEBUG=1",
					"$(inherited)",
				);
				GCC_WARN_64_TO_32_BIT_CONVERSION = YES;
				GCC_WARN_ABOUT_RETURN_TYPE = YES_ERROR;
				GCC_WARN_UNDECLARED_SELECTOR = YES;
				GCC_WARN_UNINITIALIZED_AUTOS = YES_AGGRESSIVE;
				GCC_WARN_UNUSED_FUNCTION = YES;
				GCC_WARN_UNUSED_VARIABLE = YES;
				IPHONEOS_DEPLOYMENT_TARGET = 18.0;
				LOCALIZATION_PREFERS_STRING_CATALOGS = YES;
				MTL_ENABLE_DEBUG_INFO = INCLUDE_SOURCE;
				MTL_FAST_MATH = YES;
				ONLY_ACTIVE_ARCH = YES;
				SDKROOT = iphoneos;
				SWIFT_ACTIVE_COMPILATION_CONDITIONS = "DEBUG $(inherited)";
				SWIFT_OPTIMIZATION_LEVEL = "-Onone";
			};
			name = Debug;
		};
		8419AA1F2C95887300924135 /* Release */ = {
			isa = XCBuildConfiguration;
			buildSettings = {
				ALWAYS_SEARCH_USER_PATHS = NO;
				ASSETCATALOG_COMPILER_GENERATE_SWIFT_ASSET_SYMBOL_EXTENSIONS = YES;
				CLANG_ANALYZER_NONNULL = YES;
				CLANG_ANALYZER_NUMBER_OBJECT_CONVERSION = YES_AGGRESSIVE;
				CLANG_CXX_LANGUAGE_STANDARD = "gnu++20";
				CLANG_ENABLE_MODULES = YES;
				CLANG_ENABLE_OBJC_ARC = YES;
				CLANG_ENABLE_OBJC_WEAK = YES;
				CLANG_WARN_BLOCK_CAPTURE_AUTORELEASING = YES;
				CLANG_WARN_BOOL_CONVERSION = YES;
				CLANG_WARN_COMMA = YES;
				CLANG_WARN_CONSTANT_CONVERSION = YES;
				CLANG_WARN_DEPRECATED_OBJC_IMPLEMENTATIONS = YES;
				CLANG_WARN_DIRECT_OBJC_ISA_USAGE = YES_ERROR;
				CLANG_WARN_DOCUMENTATION_COMMENTS = YES;
				CLANG_WARN_EMPTY_BODY = YES;
				CLANG_WARN_ENUM_CONVERSION = YES;
				CLANG_WARN_INFINITE_RECURSION = YES;
				CLANG_WARN_INT_CONVERSION = YES;
				CLANG_WARN_NON_LITERAL_NULL_CONVERSION = YES;
				CLANG_WARN_OBJC_IMPLICIT_RETAIN_SELF = YES;
				CLANG_WARN_OBJC_LITERAL_CONVERSION = YES;
				CLANG_WARN_OBJC_ROOT_CLASS = YES_ERROR;
				CLANG_WARN_QUOTED_INCLUDE_IN_FRAMEWORK_HEADER = YES;
				CLANG_WARN_RANGE_LOOP_ANALYSIS = YES;
				CLANG_WARN_STRICT_PROTOTYPES = YES;
				CLANG_WARN_SUSPICIOUS_MOVE = YES;
				CLANG_WARN_UNGUARDED_AVAILABILITY = YES_AGGRESSIVE;
				CLANG_WARN_UNREACHABLE_CODE = YES;
				CLANG_WARN__DUPLICATE_METHOD_MATCH = YES;
				COPY_PHASE_STRIP = NO;
				DEBUG_INFORMATION_FORMAT = "dwarf-with-dsym";
				ENABLE_NS_ASSERTIONS = NO;
				ENABLE_STRICT_OBJC_MSGSEND = YES;
				ENABLE_USER_SCRIPT_SANDBOXING = YES;
				GCC_C_LANGUAGE_STANDARD = gnu17;
				GCC_NO_COMMON_BLOCKS = YES;
				GCC_WARN_64_TO_32_BIT_CONVERSION = YES;
				GCC_WARN_ABOUT_RETURN_TYPE = YES_ERROR;
				GCC_WARN_UNDECLARED_SELECTOR = YES;
				GCC_WARN_UNINITIALIZED_AUTOS = YES_AGGRESSIVE;
				GCC_WARN_UNUSED_FUNCTION = YES;
				GCC_WARN_UNUSED_VARIABLE = YES;
				IPHONEOS_DEPLOYMENT_TARGET = 18.0;
				LOCALIZATION_PREFERS_STRING_CATALOGS = YES;
				MTL_ENABLE_DEBUG_INFO = NO;
				MTL_FAST_MATH = YES;
				SDKROOT = iphoneos;
				SWIFT_COMPILATION_MODE = wholemodule;
				VALIDATE_PRODUCT = YES;
			};
			name = Release;
		};
		8419AA212C95887300924135 /* Debug */ = {
			isa = XCBuildConfiguration;
			buildSettings = {
				ASSETCATALOG_COMPILER_APPICON_NAME = AppIcon;
				ASSETCATALOG_COMPILER_GLOBAL_ACCENT_COLOR_NAME = AccentColor;
				CODE_SIGN_STYLE = Automatic;
				CURRENT_PROJECT_VERSION = 1;
				DEVELOPMENT_ASSET_PATHS = "\"MyWeather/Preview Content\"";
				DEVELOPMENT_TEAM = KFJP47U3MW;
				ENABLE_PREVIEWS = YES;
				GENERATE_INFOPLIST_FILE = YES;
				INFOPLIST_KEY_UIApplicationSceneManifest_Generation = YES;
				INFOPLIST_KEY_UIApplicationSupportsIndirectInputEvents = YES;
				INFOPLIST_KEY_UILaunchScreen_Generation = YES;
				INFOPLIST_KEY_UISupportedInterfaceOrientations_iPad = "UIInterfaceOrientationPortrait UIInterfaceOrientationPortraitUpsideDown UIInterfaceOrientationLandscapeLeft UIInterfaceOrientationLandscapeRight";
				INFOPLIST_KEY_UISupportedInterfaceOrientations_iPhone = "UIInterfaceOrientationPortrait UIInterfaceOrientationLandscapeLeft UIInterfaceOrientationLandscapeRight";
				IPHONEOS_DEPLOYMENT_TARGET = 16.0;
				LD_RUNPATH_SEARCH_PATHS = (
					"$(inherited)",
					"@executable_path/Frameworks",
				);
				MARKETING_VERSION = 1.0;
				PRODUCT_BUNDLE_IDENTIFIER = rockenzo.MyWeather;
				PRODUCT_NAME = "$(TARGET_NAME)";
				SWIFT_EMIT_LOC_STRINGS = YES;
				SWIFT_VERSION = 5.0;
				TARGETED_DEVICE_FAMILY = "1,2";
			};
			name = Debug;
		};
		8419AA222C95887300924135 /* Release */ = {
			isa = XCBuildConfiguration;
			buildSettings = {
				ASSETCATALOG_COMPILER_APPICON_NAME = AppIcon;
				ASSETCATALOG_COMPILER_GLOBAL_ACCENT_COLOR_NAME = AccentColor;
				CODE_SIGN_STYLE = Automatic;
				CURRENT_PROJECT_VERSION = 1;
				DEVELOPMENT_ASSET_PATHS = "\"MyWeather/Preview Content\"";
				DEVELOPMENT_TEAM = KFJP47U3MW;
				ENABLE_PREVIEWS = YES;
				GENERATE_INFOPLIST_FILE = YES;
				INFOPLIST_KEY_UIApplicationSceneManifest_Generation = YES;
				INFOPLIST_KEY_UIApplicationSupportsIndirectInputEvents = YES;
				INFOPLIST_KEY_UILaunchScreen_Generation = YES;
				INFOPLIST_KEY_UISupportedInterfaceOrientations_iPad = "UIInterfaceOrientationPortrait UIInterfaceOrientationPortraitUpsideDown UIInterfaceOrientationLandscapeLeft UIInterfaceOrientationLandscapeRight";
				INFOPLIST_KEY_UISupportedInterfaceOrientations_iPhone = "UIInterfaceOrientationPortrait UIInterfaceOrientationLandscapeLeft UIInterfaceOrientationLandscapeRight";
				IPHONEOS_DEPLOYMENT_TARGET = 16.0;
				LD_RUNPATH_SEARCH_PATHS = (
					"$(inherited)",
					"@executable_path/Frameworks",
				);
				MARKETING_VERSION = 1.0;
				PRODUCT_BUNDLE_IDENTIFIER = rockenzo.MyWeather;
				PRODUCT_NAME = "$(TARGET_NAME)";
				SWIFT_EMIT_LOC_STRINGS = YES;
				SWIFT_VERSION = 5.0;
				TARGETED_DEVICE_FAMILY = "1,2";
			};
			name = Release;
		};
		8419AA242C95887300924135 /* Debug */ = {
			isa = XCBuildConfiguration;
			buildSettings = {
				BUNDLE_LOADER = "$(TEST_HOST)";
				CODE_SIGN_STYLE = Automatic;
				CURRENT_PROJECT_VERSION = 1;
				DEVELOPMENT_TEAM = KFJP47U3MW;
				GENERATE_INFOPLIST_FILE = YES;
				IPHONEOS_DEPLOYMENT_TARGET = 18.0;
				MARKETING_VERSION = 1.0;
				PRODUCT_BUNDLE_IDENTIFIER = rockenzo.MyWeatherTests;
				PRODUCT_NAME = "$(TARGET_NAME)";
				SWIFT_EMIT_LOC_STRINGS = NO;
				SWIFT_VERSION = 5.0;
				TARGETED_DEVICE_FAMILY = "1,2";
				TEST_HOST = "$(BUILT_PRODUCTS_DIR)/MyWeather.app/$(BUNDLE_EXECUTABLE_FOLDER_PATH)/MyWeather";
			};
			name = Debug;
		};
		8419AA252C95887300924135 /* Release */ = {
			isa = XCBuildConfiguration;
			buildSettings = {
				BUNDLE_LOADER = "$(TEST_HOST)";
				CODE_SIGN_STYLE = Automatic;
				CURRENT_PROJECT_VERSION = 1;
				DEVELOPMENT_TEAM = KFJP47U3MW;
				GENERATE_INFOPLIST_FILE = YES;
				IPHONEOS_DEPLOYMENT_TARGET = 18.0;
				MARKETING_VERSION = 1.0;
				PRODUCT_BUNDLE_IDENTIFIER = rockenzo.MyWeatherTests;
				PRODUCT_NAME = "$(TARGET_NAME)";
				SWIFT_EMIT_LOC_STRINGS = NO;
				SWIFT_VERSION = 5.0;
				TARGETED_DEVICE_FAMILY = "1,2";
				TEST_HOST = "$(BUILT_PRODUCTS_DIR)/MyWeather.app/$(BUNDLE_EXECUTABLE_FOLDER_PATH)/MyWeather";
			};
			name = Release;
		};
		8419AA272C95887300924135 /* Debug */ = {
			isa = XCBuildConfiguration;
			buildSettings = {
				CODE_SIGN_STYLE = Automatic;
				CURRENT_PROJECT_VERSION = 1;
				DEVELOPMENT_TEAM = KFJP47U3MW;
				GENERATE_INFOPLIST_FILE = YES;
				MARKETING_VERSION = 1.0;
				PRODUCT_BUNDLE_IDENTIFIER = rockenzo.MyWeatherUITests;
				PRODUCT_NAME = "$(TARGET_NAME)";
				SWIFT_EMIT_LOC_STRINGS = NO;
				SWIFT_VERSION = 5.0;
				TARGETED_DEVICE_FAMILY = "1,2";
				TEST_TARGET_NAME = MyWeather;
			};
			name = Debug;
		};
		8419AA282C95887300924135 /* Release */ = {
			isa = XCBuildConfiguration;
			buildSettings = {
				CODE_SIGN_STYLE = Automatic;
				CURRENT_PROJECT_VERSION = 1;
				DEVELOPMENT_TEAM = KFJP47U3MW;
				GENERATE_INFOPLIST_FILE = YES;
				MARKETING_VERSION = 1.0;
				PRODUCT_BUNDLE_IDENTIFIER = rockenzo.MyWeatherUITests;
				PRODUCT_NAME = "$(TARGET_NAME)";
				SWIFT_EMIT_LOC_STRINGS = NO;
				SWIFT_VERSION = 5.0;
				TARGETED_DEVICE_FAMILY = "1,2";
				TEST_TARGET_NAME = MyWeather;
			};
			name = Release;
		};
/* End XCBuildConfiguration section */

/* Begin XCConfigurationList section */
		8419A9F72C95887100924135 /* Build configuration list for PBXProject "MyWeather" */ = {
			isa = XCConfigurationList;
			buildConfigurations = (
				8419AA1E2C95887300924135 /* Debug */,
				8419AA1F2C95887300924135 /* Release */,
			);
			defaultConfigurationIsVisible = 0;
			defaultConfigurationName = Release;
		};
		8419AA202C95887300924135 /* Build configuration list for PBXNativeTarget "MyWeather" */ = {
			isa = XCConfigurationList;
			buildConfigurations = (
				8419AA212C95887300924135 /* Debug */,
				8419AA222C95887300924135 /* Release */,
			);
			defaultConfigurationIsVisible = 0;
			defaultConfigurationName = Release;
		};
		8419AA232C95887300924135 /* Build configuration list for PBXNativeTarget "MyWeatherTests" */ = {
			isa = XCConfigurationList;
			buildConfigurations = (
				8419AA242C95887300924135 /* Debug */,
				8419AA252C95887300924135 /* Release */,
			);
			defaultConfigurationIsVisible = 0;
			defaultConfigurationName = Release;
		};
		8419AA262C95887300924135 /* Build configuration list for PBXNativeTarget "MyWeatherUITests" */ = {
			isa = XCConfigurationList;
			buildConfigurations = (
				8419AA272C95887300924135 /* Debug */,
				8419AA282C95887300924135 /* Release */,
			);
			defaultConfigurationIsVisible = 0;
			defaultConfigurationName = Release;
		};
/* End XCConfigurationList section */
	};
	rootObject = 8419A9F42C95887100924135 /* Project object */;
}
